
Microsoft Visual Studio Solution File, Format Version 12.00
# Visual Studio Version 16
VisualStudioVersion = 16.0.29519.87
MinimumVisualStudioVersion = 10.0.40219.1
Project("{9A19103F-16F7-4668-BE54-9A1E7A4F7556}") = "Domain", "Domain\Domain.csproj", "{889BB36E-66FF-49E9-A33D-78050C222EE2}"
EndProject
Project("{9A19103F-16F7-4668-BE54-9A1E7A4F7556}") = "Infra", "Infra\Infra.csproj", "{20F2ACBC-E714-41B3-8C89-6CD7AA1B60BF}"
EndProject
Project("{FAE04EC0-301F-11D3-BF4B-00C04F79EFBC}") = "WebAPI", "WebAPI\WebAPI.csproj", "{9EE86821-1BD5-46AC-861A-48F347EBCD90}"
EndProject
Global
	GlobalSection(SolutionConfigurationPlatforms) = preSolution
		Debug|Any CPU = Debug|Any CPU
		Release|Any CPU = Release|Any CPU
	EndGlobalSection
	GlobalSection(ProjectConfigurationPlatforms) = postSolution
		{889BB36E-66FF-49E9-A33D-78050C222EE2}.Debug|Any CPU.ActiveCfg = Debug|Any CPU
		{889BB36E-66FF-49E9-A33D-78050C222EE2}.Debug|Any CPU.Build.0 = Debug|Any CPU
		{889BB36E-66FF-49E9-A33D-78050C222EE2}.Release|Any CPU.ActiveCfg = Release|Any CPU
		{889BB36E-66FF-49E9-A33D-78050C222EE2}.Release|Any CPU.Build.0 = Release|Any CPU
		{20F2ACBC-E714-41B3-8C89-6CD7AA1B60BF}.Debug|Any CPU.ActiveCfg = Debug|Any CPU
		{20F2ACBC-E714-41B3-8C89-6CD7AA1B60BF}.Debug|Any CPU.Build.0 = Debug|Any CPU
		{20F2ACBC-E714-41B3-8C89-6CD7AA1B60BF}.Release|Any CPU.ActiveCfg = Release|Any CPU
		{20F2ACBC-E714-41B3-8C89-6CD7AA1B60BF}.Release|Any CPU.Build.0 = Release|Any CPU
		{9EE86821-1BD5-46AC-861A-48F347EBCD90}.Debug|Any CPU.ActiveCfg = Debug|Any CPU
		{9EE86821-1BD5-46AC-861A-48F347EBCD90}.Debug|Any CPU.Build.0 = Debug|Any CPU
		{9EE86821-1BD5-46AC-861A-48F347EBCD90}.Release|Any CPU.ActiveCfg = Release|Any CPU
		{9EE86821-1BD5-46AC-861A-48F347EBCD90}.Release|Any CPU.Build.0 = Release|Any CPU
	EndGlobalSection
	GlobalSection(SolutionProperties) = preSolution
		HideSolutionNode = FALSE
	EndGlobalSection
	GlobalSection(ExtensibilityGlobals) = postSolution
		SolutionGuid = {BFB60471-3066-40DE-BB5B-A49B6B249FC4}
	EndGlobalSection
EndGlobal
